schema: '2.0'
stages:
  load_data:
    cmd: python -m src.data_loading.load_data
    deps:
    - path: src/data_loading/load_data.py
      hash: md5
      md5: 889af8e91fbccb6f3704be6c83c884e2
      size: 1488
    outs:
    - path: data/raw/raw.csv
      hash: md5
      md5: e5220662513d424564fc23fdce23f4fd
      size: 116187
  preprocess_data:
    cmd: python -m src.data_preprocessing.preprocess_data
    deps:
    - path: data/raw/raw.csv
      hash: md5
      md5: e5220662513d424564fc23fdce23f4fd
      size: 116187
    - path: src/data_preprocessing/preprocess_data.py
      hash: md5
      md5: 727f22f9650a9dfb2b1a217912d46034
      size: 3993
    params:
      params.yaml:
        preprocess_data.random_seed: 42
        preprocess_data.test_size: 0.25
    outs:
    - path: artifacts/[features]_mean_imputer.joblib
      hash: md5
      md5: 90080498d5f5c4b49a91b050ec28f6f9
      size: 1511
    - path: data/preprocessed/test_preprocessed.csv
      hash: md5
      md5: 19fc6f1c33d143b22ef9d5d8759de3c6
      size: 33149
    - path: data/preprocessed/train_preprocessed.csv
      hash: md5
      md5: 2a341a5f4afd6d972077f13c7a8f2dac
      size: 98428
  engineer_features:
    cmd: python -m src.feature_engineering.engineer_features
    deps:
    - path: data/preprocessed/test_preprocessed.csv
      hash: md5
      md5: 19fc6f1c33d143b22ef9d5d8759de3c6
      size: 33149
    - path: data/preprocessed/train_preprocessed.csv
      hash: md5
      md5: 2a341a5f4afd6d972077f13c7a8f2dac
      size: 98428
    - path: src/feature_engineering/engineer_features.py
      hash: md5
      md5: f8446b81a185b5c5d4b06fd60a3b9b9f
      size: 3052
    outs:
    - path: artifacts/[features]_scaler.joblib
      hash: md5
      md5: 4ccbd6163387891649abf4fe918bf42f
      size: 2135
    - path: data/processed/test_processed.csv
      hash: md5
      md5: ae989d97965b85e313f7ef93ee62f3aa
      size: 85184
    - path: data/processed/train_processed.csv
      hash: md5
      md5: 2d168d3d1fd28ba03af54d8fcaf07bd8
      size: 252569
  train:
    cmd: python -m src.model_training.train_model
    deps:
    - path: data/processed/train_processed.csv
      hash: md5
      md5: 2d168d3d1fd28ba03af54d8fcaf07bd8
      size: 252569
    - path: src/model_training/train_model.py
      hash: md5
      md5: 92ef2f4b495813e1f2b8b1c22c6908d7
      size: 6072
    params:
      params.yaml:
        train.batch_size: 16
        train.dropout_rate: 0.3
        train.epochs: 100
        train.hidden_layer_1_neurons: 64
        train.hidden_layer_2_neurons: 32
        train.learning_rate: 0.001
    outs:
    - path: artifacts/[target]_one_hot_encoder.joblib
      hash: md5
      md5: 9c68e41a114fdb0985121e8d89f055bc
      size: 617
    - path: metrics/training.json
      hash: md5
      md5: c7afe5af11368ba018eb1627abd1b90b
      size: 140
    - path: models/model.keras
      hash: md5
      md5: bec3f1ca986083327f8c10eaac477064
      size: 79417
  evaluate:
    cmd: python -m src.model_evaluation.evaluate_model
    deps:
    - path: artifacts/[target]_one_hot_encoder.joblib
      hash: md5
      md5: 9c68e41a114fdb0985121e8d89f055bc
      size: 617
    - path: data/processed/test_processed.csv
      hash: md5
      md5: ae989d97965b85e313f7ef93ee62f3aa
      size: 85184
    - path: models/model.keras
      hash: md5
      md5: bec3f1ca986083327f8c10eaac477064
      size: 79417
    - path: src/model_evaluation/evaluate_model.py
      hash: md5
      md5: 1382a7cf6dc01d3d494c21fd99fa50a7
      size: 3263
    outs:
    - path: metrics/evaluation.json
      hash: md5
      md5: 131907d10ba29eeef00ec0dae9815e9e
      size: 790
